
Microsoft Visual Studio Solution File, Format Version 12.00
# Visual Studio Version 16
VisualStudioVersion = 16.0.32228.343
MinimumVisualStudioVersion = 10.0.40219.1
Project("{FAE04EC0-301F-11D3-BF4B-00C04F79EFBC}") = "task 9", "task 9\task 9.csproj", "{4E402486-CFF1-4730-8A4C-45EA97165D0F}"
EndProject
Global
	GlobalSection(SolutionConfigurationPlatforms) = preSolution
		Debug|Any CPU = Debug|Any CPU
		Release|Any CPU = Release|Any CPU
	EndGlobalSection
	GlobalSection(ProjectConfigurationPlatforms) = postSolution
		{4E402486-CFF1-4730-8A4C-45EA97165D0F}.Debug|Any CPU.ActiveCfg = Debug|Any CPU
		{4E402486-CFF1-4730-8A4C-45EA97165D0F}.Debug|Any CPU.Build.0 = Debug|Any CPU
		{4E402486-CFF1-4730-8A4C-45EA97165D0F}.Release|Any CPU.ActiveCfg = Release|Any CPU
		{4E402486-CFF1-4730-8A4C-45EA97165D0F}.Release|Any CPU.Build.0 = Release|Any CPU
	EndGlobalSection
	GlobalSection(SolutionProperties) = preSolution
		HideSolutionNode = FALSE
	EndGlobalSection
	GlobalSection(ExtensibilityGlobals) = postSolution
		SolutionGuid = {5512FCB0-5F69-40C1-9473-AEA58E678A79}
	EndGlobalSection
EndGlobal
